
Microsoft Visual Studio Solution File, Format Version 12.00
# Visual Studio Version 17
VisualStudioVersion = 17.11.35312.102
MinimumVisualStudioVersion = 10.0.40219.1
Project("{FAE04EC0-301F-11D3-BF4B-00C04F79EFBC}") = "CQRSandMediatorWebApi", "CQRSandMediatorWebApi\CQRSandMediatorWebApi.csproj", "{E09EED52-31F9-4068-B834-AFF9938AEBF2}"
EndProject
Global
	GlobalSection(SolutionConfigurationPlatforms) = preSolution
		Debug|Any CPU = Debug|Any CPU
		Release|Any CPU = Release|Any CPU
	EndGlobalSection
	GlobalSection(ProjectConfigurationPlatforms) = postSolution
		{E09EED52-31F9-4068-B834-AFF9938AEBF2}.Debug|Any CPU.ActiveCfg = Debug|Any CPU
		{E09EED52-31F9-4068-B834-AFF9938AEBF2}.Debug|Any CPU.Build.0 = Debug|Any CPU
		{E09EED52-31F9-4068-B834-AFF9938AEBF2}.Release|Any CPU.ActiveCfg = Release|Any CPU
		{E09EED52-31F9-4068-B834-AFF9938AEBF2}.Release|Any CPU.Build.0 = Release|Any CPU
	EndGlobalSection
	GlobalSection(SolutionProperties) = preSolution
		HideSolutionNode = FALSE
	EndGlobalSection
	GlobalSection(ExtensibilityGlobals) = postSolution
		SolutionGuid = {9D02A6CC-3AFE-46FC-A97D-DC966E94CAFF}
	EndGlobalSection
EndGlobal
